
Microsoft Visual Studio Solution File, Format Version 12.00
# Visual Studio Version 17
VisualStudioVersion = 17.14.36915.13
MinimumVisualStudioVersion = 10.0.40219.1
Project("{FAE04EC0-301F-11D3-BF4B-00C04F79EFBC}") = "Luxolo_s Cyberbot", "Luxolo_s_Cyberbot\Luxolo_s Cyberbot.csproj", "{8A4A28D3-0907-4EE4-A254-1DCEDCD03688}"
EndProject
Project("{FAE04EC0-301F-11D3-BF4B-00C04F79EFBC}") = "Luxolos Cyberbot", "Luxolos Cyberbot\Luxolos Cyberbot.csproj", "{2104F413-C9FD-AD4F-A0AB-F9EBF15CB8CD}"
EndProject
Global
	GlobalSection(SolutionConfigurationPlatforms) = preSolution
		Debug|Any CPU = Debug|Any CPU
		Release|Any CPU = Release|Any CPU
	EndGlobalSection
	GlobalSection(ProjectConfigurationPlatforms) = postSolution
		{8A4A28D3-0907-4EE4-A254-1DCEDCD03688}.Debug|Any CPU.ActiveCfg = Debug|Any CPU
		{8A4A28D3-0907-4EE4-A254-1DCEDCD03688}.Debug|Any CPU.Build.0 = Debug|Any CPU
		{8A4A28D3-0907-4EE4-A254-1DCEDCD03688}.Release|Any CPU.ActiveCfg = Release|Any CPU
		{8A4A28D3-0907-4EE4-A254-1DCEDCD03688}.Release|Any CPU.Build.0 = Release|Any CPU
		{2104F413-C9FD-AD4F-A0AB-F9EBF15CB8CD}.Debug|Any CPU.ActiveCfg = Debug|Any CPU
		{2104F413-C9FD-AD4F-A0AB-F9EBF15CB8CD}.Debug|Any CPU.Build.0 = Debug|Any CPU
		{2104F413-C9FD-AD4F-A0AB-F9EBF15CB8CD}.Release|Any CPU.ActiveCfg = Release|Any CPU
		{2104F413-C9FD-AD4F-A0AB-F9EBF15CB8CD}.Release|Any CPU.Build.0 = Release|Any CPU
	EndGlobalSection
	GlobalSection(SolutionProperties) = preSolution
		HideSolutionNode = FALSE
	EndGlobalSection
	GlobalSection(ExtensibilityGlobals) = postSolution
		SolutionGuid = {AA16EB0C-8D7F-4343-913F-22FE33E311E3}
	EndGlobalSection
EndGlobal
